
Microsoft Visual Studio Solution File, Format Version 12.00
# Visual Studio Version 17
VisualStudioVersion = 17.0.31903.59
MinimumVisualStudioVersion = 10.0.40219.1
Project("{2150E333-8FDC-42A3-9474-1A3956D46DE8}") = "src", "src", "{9C805ABF-B36E-4CEE-8911-38F841EA8046}"
EndProject
Project("{9A19103F-16F7-4668-BE54-9A1E7A4F7556}") = "SimpleNotify", "src\SimpleNotify\SimpleNotify.csproj", "{E3ADBF91-FAAB-4D45-B768-426949CD70B5}"
EndProject
Project("{2150E333-8FDC-42A3-9474-1A3956D46DE8}") = "Test", "Test", "{45290444-E50A-4A50-83FB-6F327A0122AB}"
EndProject
Project("{FAE04EC0-301F-11D3-BF4B-00C04F79EFBC}") = "SimpleNotifyTests", "src\SimpleNotifyTests\SimpleNotifyTests.csproj", "{49B66FF3-13BC-46D2-8591-BFF0BBF626E1}"
EndProject
Project("{2150E333-8FDC-42A3-9474-1A3956D46DE8}") = "Solution Items", "Solution Items", "{930D6520-7204-44A1-A93E-7C662294B96A}"
	ProjectSection(SolutionItems) = preProject
		Directory.Build.props = Directory.Build.props
		Directory.Build.targets = Directory.Build.targets
	EndProjectSection
EndProject
Global
	GlobalSection(SolutionConfigurationPlatforms) = preSolution
		Debug|Any CPU = Debug|Any CPU
		Release|Any CPU = Release|Any CPU
	EndGlobalSection
	GlobalSection(ProjectConfigurationPlatforms) = postSolution
		{E3ADBF91-FAAB-4D45-B768-426949CD70B5}.Debug|Any CPU.ActiveCfg = Debug|Any CPU
		{E3ADBF91-FAAB-4D45-B768-426949CD70B5}.Debug|Any CPU.Build.0 = Debug|Any CPU
		{E3ADBF91-FAAB-4D45-B768-426949CD70B5}.Release|Any CPU.ActiveCfg = Release|Any CPU
		{E3ADBF91-FAAB-4D45-B768-426949CD70B5}.Release|Any CPU.Build.0 = Release|Any CPU
		{49B66FF3-13BC-46D2-8591-BFF0BBF626E1}.Debug|Any CPU.ActiveCfg = Debug|Any CPU
		{49B66FF3-13BC-46D2-8591-BFF0BBF626E1}.Debug|Any CPU.Build.0 = Debug|Any CPU
		{49B66FF3-13BC-46D2-8591-BFF0BBF626E1}.Release|Any CPU.ActiveCfg = Release|Any CPU
		{49B66FF3-13BC-46D2-8591-BFF0BBF626E1}.Release|Any CPU.Build.0 = Release|Any CPU
	EndGlobalSection
	GlobalSection(SolutionProperties) = preSolution
		HideSolutionNode = FALSE
	EndGlobalSection
	GlobalSection(NestedProjects) = preSolution
		{E3ADBF91-FAAB-4D45-B768-426949CD70B5} = {9C805ABF-B36E-4CEE-8911-38F841EA8046}
		{49B66FF3-13BC-46D2-8591-BFF0BBF626E1} = {45290444-E50A-4A50-83FB-6F327A0122AB}
	EndGlobalSection
	GlobalSection(ExtensibilityGlobals) = postSolution
		SolutionGuid = {CAB1D778-F2DA-462F-B45E-A0F2528A55DE}
	EndGlobalSection
EndGlobal
